
Microsoft Visual Studio Solution File, Format Version 12.00
# Visual Studio Version 17
VisualStudioVersion = 17.0.31903.59
MinimumVisualStudioVersion = 10.0.40219.1
Project("{9A19103F-16F7-4668-BE54-9A1E7A4F7556}") = "API", "API\API.csproj", "{E25CD063-4283-454F-9A3D-2EB0708E0885}"
EndProject
Project("{9A19103F-16F7-4668-BE54-9A1E7A4F7556}") = "Application", "Application\Application.csproj", "{47E7A74C-2D17-4704-9C91-AD0530B1F602}"
EndProject
Project("{9A19103F-16F7-4668-BE54-9A1E7A4F7556}") = "Domain", "Domain\Domain.csproj", "{C7AA5F1A-BA0F-400A-867C-5C40C14912AE}"
EndProject
Project("{9A19103F-16F7-4668-BE54-9A1E7A4F7556}") = "Persistence", "Persistence\Persistence.csproj", "{54055E7E-154D-4F65-BFBD-E05C337327A7}"
EndProject
Project("{9A19103F-16F7-4668-BE54-9A1E7A4F7556}") = "Tests", "Tests\Tests.csproj", "{73DF5918-A72A-4CAD-8672-80C409E6476D}"
EndProject
Project("{FAE04EC0-301F-11D3-BF4B-00C04F79EFBC}") = "Infrastructure", "Infrastructure\Infrastructure.csproj", "{D5D6222B-A012-47D3-809F-E28F5EF214A7}"
EndProject
Global
	GlobalSection(SolutionConfigurationPlatforms) = preSolution
		Debug|Any CPU = Debug|Any CPU
		Release|Any CPU = Release|Any CPU
	EndGlobalSection
	GlobalSection(ProjectConfigurationPlatforms) = postSolution
		{E25CD063-4283-454F-9A3D-2EB0708E0885}.Debug|Any CPU.ActiveCfg = Debug|Any CPU
		{E25CD063-4283-454F-9A3D-2EB0708E0885}.Debug|Any CPU.Build.0 = Debug|Any CPU
		{E25CD063-4283-454F-9A3D-2EB0708E0885}.Release|Any CPU.ActiveCfg = Release|Any CPU
		{E25CD063-4283-454F-9A3D-2EB0708E0885}.Release|Any CPU.Build.0 = Release|Any CPU
		{47E7A74C-2D17-4704-9C91-AD0530B1F602}.Debug|Any CPU.ActiveCfg = Debug|Any CPU
		{47E7A74C-2D17-4704-9C91-AD0530B1F602}.Debug|Any CPU.Build.0 = Debug|Any CPU
		{47E7A74C-2D17-4704-9C91-AD0530B1F602}.Release|Any CPU.ActiveCfg = Release|Any CPU
		{47E7A74C-2D17-4704-9C91-AD0530B1F602}.Release|Any CPU.Build.0 = Release|Any CPU
		{C7AA5F1A-BA0F-400A-867C-5C40C14912AE}.Debug|Any CPU.ActiveCfg = Debug|Any CPU
		{C7AA5F1A-BA0F-400A-867C-5C40C14912AE}.Debug|Any CPU.Build.0 = Debug|Any CPU
		{C7AA5F1A-BA0F-400A-867C-5C40C14912AE}.Release|Any CPU.ActiveCfg = Release|Any CPU
		{C7AA5F1A-BA0F-400A-867C-5C40C14912AE}.Release|Any CPU.Build.0 = Release|Any CPU
		{54055E7E-154D-4F65-BFBD-E05C337327A7}.Debug|Any CPU.ActiveCfg = Debug|Any CPU
		{54055E7E-154D-4F65-BFBD-E05C337327A7}.Debug|Any CPU.Build.0 = Debug|Any CPU
		{54055E7E-154D-4F65-BFBD-E05C337327A7}.Release|Any CPU.ActiveCfg = Release|Any CPU
		{54055E7E-154D-4F65-BFBD-E05C337327A7}.Release|Any CPU.Build.0 = Release|Any CPU
		{73DF5918-A72A-4CAD-8672-80C409E6476D}.Debug|Any CPU.ActiveCfg = Debug|Any CPU
		{73DF5918-A72A-4CAD-8672-80C409E6476D}.Debug|Any CPU.Build.0 = Debug|Any CPU
		{73DF5918-A72A-4CAD-8672-80C409E6476D}.Release|Any CPU.ActiveCfg = Release|Any CPU
		{73DF5918-A72A-4CAD-8672-80C409E6476D}.Release|Any CPU.Build.0 = Release|Any CPU
		{D5D6222B-A012-47D3-809F-E28F5EF214A7}.Debug|Any CPU.ActiveCfg = Debug|Any CPU
		{D5D6222B-A012-47D3-809F-E28F5EF214A7}.Debug|Any CPU.Build.0 = Debug|Any CPU
		{D5D6222B-A012-47D3-809F-E28F5EF214A7}.Release|Any CPU.ActiveCfg = Release|Any CPU
		{D5D6222B-A012-47D3-809F-E28F5EF214A7}.Release|Any CPU.Build.0 = Release|Any CPU
	EndGlobalSection
	GlobalSection(SolutionProperties) = preSolution
		HideSolutionNode = FALSE
	EndGlobalSection
EndGlobal
